// !$*UTF8*$!
{
	archiveVersion = 1;
	classes = {
	};
	objectVersion = 46;
	objects = {

/* Begin PBXBuildFile section */
		C48D9F1F19B2B6F800C755AE /* AppDelegate.swift in Sources */ = {isa = PBXBuildFile; fileRef = C48D9F1E19B2B6F800C755AE /* AppDelegate.swift */; };
		C48D9F2219B2B6F800C755AE /* JWMTADataExample.xcdatamodeld in Sources */ = {isa = PBXBuildFile; fileRef = C48D9F2019B2B6F800C755AE /* JWMTADataExample.xcdatamodeld */; };
		C48D9F2419B2B6F800C755AE /* ViewController.swift in Sources */ = {isa = PBXBuildFile; fileRef = C48D9F2319B2B6F800C755AE /* ViewController.swift */; };
		C48D9F2719B2B6F800C755AE /* Main.storyboard in Resources */ = {isa = PBXBuildFile; fileRef = C48D9F2519B2B6F800C755AE /* Main.storyboard */; };
		C48D9F2919B2B6F800C755AE /* Images.xcassets in Resources */ = {isa = PBXBuildFile; fileRef = C48D9F2819B2B6F800C755AE /* Images.xcassets */; };
		C48D9F3519B2B6F800C755AE /* JWMTADataExampleTests.swift in Sources */ = {isa = PBXBuildFile; fileRef = C48D9F3419B2B6F800C755AE /* JWMTADataExampleTests.swift */; };
/* End PBXBuildFile section */

/* Begin PBXContainerItemProxy section */
		C48D9F2F19B2B6F800C755AE /* PBXContainerItemProxy */ = {
			isa = PBXContainerItemProxy;
			containerPortal = C48D9F1119B2B6F800C755AE /* Project object */;
			proxyType = 1;
			remoteGlobalIDString = C48D9F1819B2B6F800C755AE;
			remoteInfo = JWMTADataExample;
		};
/* End PBXContainerItemProxy section */

/* Begin PBXFileReference section */
		C48D9F1919B2B6F800C755AE /* JWMTADataExample.app */ = {isa = PBXFileReference; explicitFileType = wrapper.application; includeInIndex = 0; path = JWMTADataExample.app; sourceTree = BUILT_PRODUCTS_DIR; };
		C48D9F1D19B2B6F800C755AE /* Info.plist */ = {isa = PBXFileReference; lastKnownFileType = text.plist.xml; path = Info.plist; sourceTree = "<group>"; };
		C48D9F1E19B2B6F800C755AE /* AppDelegate.swift */ = {isa = PBXFileReference; lastKnownFileType = sourcecode.swift; path = AppDelegate.swift; sourceTree = "<group>"; };
		C48D9F2119B2B6F800C755AE /* JWMTADataExample.xcdatamodel */ = {isa = PBXFileReference; lastKnownFileType = wrapper.xcdatamodel; path = JWMTADataExample.xcdatamodel; sourceTree = "<group>"; };
		C48D9F2319B2B6F800C755AE /* ViewController.swift */ = {isa = PBXFileReference; lastKnownFileType = sourcecode.swift; path = ViewController.swift; sourceTree = "<group>"; };
		C48D9F2619B2B6F800C755AE /* Base */ = {isa = PBXFileReference; lastKnownFileType = file.storyboard; name = Base; path = Base.lproj/Main.storyboard; sourceTree = "<group>"; };
		C48D9F2819B2B6F800C755AE /* Images.xcassets */ = {isa = PBXFileReference; lastKnownFileType = folder.assetcatalog; path = Images.xcassets; sourceTree = "<group>"; };
		C48D9F2E19B2B6F800C755AE /* JWMTADataExampleTests.xctest */ = {isa = PBXFileReference; explicitFileType = wrapper.cfbundle; includeInIndex = 0; path = JWMTADataExampleTests.xctest; sourceTree = BUILT_PRODUCTS_DIR; };
		C48D9F3319B2B6F800C755AE /* Info.plist */ = {isa = PBXFileReference; lastKnownFileType = text.plist.xml; path = Info.plist; sourceTree = "<group>"; };
		C48D9F3419B2B6F800C755AE /* JWMTADataExampleTests.swift */ = {isa = PBXFileReference; lastKnownFileType = sourcecode.swift; path = JWMTADataExampleTests.swift; sourceTree = "<group>"; };
/* End PBXFileReference section */

/* Begin PBXFrameworksBuildPhase section */
		C48D9F1619B2B6F800C755AE /* Frameworks */ = {
			isa = PBXFrameworksBuildPhase;
			buildActionMask = 2147483647;
			files = (
			);
			runOnlyForDeploymentPostprocessing = 0;
		};
		C48D9F2B19B2B6F800C755AE /* Frameworks */ = {
			isa = PBXFrameworksBuildPhase;
			buildActionMask = 2147483647;
			files = (
			);
			runOnlyForDeploymentPostprocessing = 0;
		};
/* End PBXFrameworksBuildPhase section */

/* Begin PBXGroup section */
		C48D9F1019B2B6F800C755AE = {
			isa = PBXGroup;
			children = (
				C48D9F1B19B2B6F800C755AE /* JWMTADataExample */,
				C48D9F3119B2B6F800C755AE /* JWMTADataExampleTests */,
				C48D9F1A19B2B6F800C755AE /* Products */,
			);
			sourceTree = "<group>";
		};
		C48D9F1A19B2B6F800C755AE /* Products */ = {
			isa = PBXGroup;
			children = (
				C48D9F1919B2B6F800C755AE /* JWMTADataExample.app */,
				C48D9F2E19B2B6F800C755AE /* JWMTADataExampleTests.xctest */,
			);
			name = Products;
			sourceTree = "<group>";
		};
		C48D9F1B19B2B6F800C755AE /* JWMTADataExample */ = {
			isa = PBXGroup;
			children = (
				C48D9F1E19B2B6F800C755AE /* AppDelegate.swift */,
				C48D9F2319B2B6F800C755AE /* ViewController.swift */,
				C48D9F2519B2B6F800C755AE /* Main.storyboard */,
				C48D9F2819B2B6F800C755AE /* Images.xcassets */,
				C48D9F2019B2B6F800C755AE /* JWMTADataExample.xcdatamodeld */,
				C48D9F1C19B2B6F800C755AE /* Supporting Files */,
			);
			path = JWMTADataExample;
			sourceTree = "<group>";
		};
		C48D9F1C19B2B6F800C755AE /* Supporting Files */ = {
			isa = PBXGroup;
			children = (
				C48D9F1D19B2B6F800C755AE /* Info.plist */,
			);
			name = "Supporting Files";
			sourceTree = "<group>";
		};
		C48D9F3119B2B6F800C755AE /* JWMTADataExampleTests */ = {
			isa = PBXGroup;
			children = (
				C48D9F3419B2B6F800C755AE /* JWMTADataExampleTests.swift */,
				C48D9F3219B2B6F800C755AE /* Supporting Files */,
			);
			path = JWMTADataExampleTests;
			sourceTree = "<group>";
		};
		C48D9F3219B2B6F800C755AE /* Supporting Files */ = {
			isa = PBXGroup;
			children = (
				C48D9F3319B2B6F800C755AE /* Info.plist */,
			);
			name = "Supporting Files";
			sourceTree = "<group>";
		};
/* End PBXGroup section */

/* Begin PBXNativeTarget section */
		C48D9F1819B2B6F800C755AE /* JWMTADataExample */ = {
			isa = PBXNativeTarget;
			buildConfigurationList = C48D9F3819B2B6F800C755AE /* Build configuration list for PBXNativeTarget "JWMTADataExample" */;
			buildPhases = (
				C48D9F1519B2B6F800C755AE /* Sources */,
				C48D9F1619B2B6F800C755AE /* Frameworks */,
				C48D9F1719B2B6F800C755AE /* Resources */,
			);
			buildRules = (
			);
			dependencies = (
			);
			name = JWMTADataExample;
			productName = JWMTADataExample;
			productReference = C48D9F1919B2B6F800C755AE /* JWMTADataExample.app */;
			productType = "com.apple.product-type.application";
		};
		C48D9F2D19B2B6F800C755AE /* JWMTADataExampleTests */ = {
			isa = PBXNativeTarget;
			buildConfigurationList = C48D9F3B19B2B6F800C755AE /* Build configuration list for PBXNativeTarget "JWMTADataExampleTests" */;
			buildPhases = (
				C48D9F2A19B2B6F800C755AE /* Sources */,
				C48D9F2B19B2B6F800C755AE /* Frameworks */,
				C48D9F2C19B2B6F800C755AE /* Resources */,
			);
			buildRules = (
			);
			dependencies = (
				C48D9F3019B2B6F800C755AE /* PBXTargetDependency */,
			);
			name = JWMTADataExampleTests;
			productName = JWMTADataExampleTests;
			productReference = C48D9F2E19B2B6F800C755AE /* JWMTADataExampleTests.xctest */;
			productType = "com.apple.product-type.bundle.unit-test";
		};
/* End PBXNativeTarget section */

/* Begin PBXProject section */
		C48D9F1119B2B6F800C755AE /* Project object */ = {
			isa = PBXProject;
			attributes = {
				LastUpgradeCheck = 0600;
				TargetAttributes = {
					C48D9F1819B2B6F800C755AE = {
						CreatedOnToolsVersion = 6.0;
					};
					C48D9F2D19B2B6F800C755AE = {
						CreatedOnToolsVersion = 6.0;
						TestTargetID = C48D9F1819B2B6F800C755AE;
					};
				};
			};
			buildConfigurationList = C48D9F1419B2B6F800C755AE /* Build configuration list for PBXProject "JWMTADataExample" */;
			compatibilityVersion = "Xcode 3.2";
			developmentRegion = English;
			hasScannedForEncodings = 0;
			knownRegions = (
				en,
				Base,
			);
			mainGroup = C48D9F1019B2B6F800C755AE;
			productRefGroup = C48D9F1A19B2B6F800C755AE /* Products */;
			projectDirPath = "";
			projectRoot = "";
			targets = (
				C48D9F1819B2B6F800C755AE /* JWMTADataExample */,
				C48D9F2D19B2B6F800C755AE /* JWMTADataExampleTests */,
			);
		};
/* End PBXProject section */

/* Begin PBXResourcesBuildPhase section */
		C48D9F1719B2B6F800C755AE /* Resources */ = {
			isa = PBXResourcesBuildPhase;
			buildActionMask = 2147483647;
			files = (
				C48D9F2719B2B6F800C755AE /* Main.storyboard in Resources */,
				C48D9F2919B2B6F800C755AE /* Images.xcassets in Resources */,
			);
			runOnlyForDeploymentPostprocessing = 0;
		};
		C48D9F2C19B2B6F800C755AE /* Resources */ = {
			isa = PBXResourcesBuildPhase;
			buildActionMask = 2147483647;
			files = (
			);
			runOnlyForDeploymentPostprocessing = 0;
		};
/* End PBXResourcesBuildPhase section */

/* Begin PBXSourcesBuildPhase section */
		C48D9F1519B2B6F800C755AE /* Sources */ = {
			isa = PBXSourcesBuildPhase;
			buildActionMask = 2147483647;
			files = (
				C48D9F2419B2B6F800C755AE /* ViewController.swift in Sources */,
				C48D9F2219B2B6F800C755AE /* JWMTADataExample.xcdatamodeld in Sources */,
				C48D9F1F19B2B6F800C755AE /* AppDelegate.swift in Sources */,
			);
			runOnlyForDeploymentPostprocessing = 0;
		};
		C48D9F2A19B2B6F800C755AE /* Sources */ = {
			isa = PBXSourcesBuildPhase;
			buildActionMask = 2147483647;
			files = (
				C48D9F3519B2B6F800C755AE /* JWMTADataExampleTests.swift in Sources */,
			);
			runOnlyForDeploymentPostprocessing = 0;
		};
/* End PBXSourcesBuildPhase section */

/* Begin PBXTargetDependency section */
		C48D9F3019B2B6F800C755AE /* PBXTargetDependency */ = {
			isa = PBXTargetDependency;
			target = C48D9F1819B2B6F800C755AE /* JWMTADataExample */;
			targetProxy = C48D9F2F19B2B6F800C755AE /* PBXContainerItemProxy */;
		};
/* End PBXTargetDependency section */

/* Begin PBXVariantGroup section */
		C48D9F2519B2B6F800C755AE /* Main.storyboard */ = {
			isa = PBXVariantGroup;
			children = (
				C48D9F2619B2B6F800C755AE /* Base */,
			);
			name = Main.storyboard;
			sourceTree = "<group>";
		};
/* End PBXVariantGroup section */

/* Begin XCBuildConfiguration section */
		C48D9F3619B2B6F800C755AE /* Debug */ = {
			isa = XCBuildConfiguration;
			buildSettings = {
				ALWAYS_SEARCH_USER_PATHS = NO;
				CLANG_CXX_LANGUAGE_STANDARD = "gnu++0x";
				CLANG_CXX_LIBRARY = "libc++";
				CLANG_ENABLE_MODULES = YES;
				CLANG_ENABLE_OBJC_ARC = YES;
				CLANG_WARN_BOOL_CONVERSION = YES;
				CLANG_WARN_CONSTANT_CONVERSION = YES;
				CLANG_WARN_DIRECT_OBJC_ISA_USAGE = YES_ERROR;
				CLANG_WARN_EMPTY_BODY = YES;
				CLANG_WARN_ENUM_CONVERSION = YES;
				CLANG_WARN_INT_CONVERSION = YES;
				CLANG_WARN_OBJC_ROOT_CLASS = YES_ERROR;
				CLANG_WARN_UNREACHABLE_CODE = YES;
				CLANG_WARN__DUPLICATE_METHOD_MATCH = YES;
				"CODE_SIGN_IDENTITY[sdk=iphoneos*]" = "iPhone Developer";
				COPY_PHASE_STRIP = NO;
				ENABLE_STRICT_OBJC_MSGSEND = YES;
				GCC_C_LANGUAGE_STANDARD = gnu99;
				GCC_DYNAMIC_NO_PIC = NO;
				GCC_OPTIMIZATION_LEVEL = 0;
				GCC_PREPROCESSOR_DEFINITIONS = (
					"DEBUG=1",
					"$(inherited)",
				);
				GCC_SYMBOLS_PRIVATE_EXTERN = NO;
				GCC_WARN_64_TO_32_BIT_CONVERSION = YES;
				GCC_WARN_ABOUT_RETURN_TYPE = YES_ERROR;
				GCC_WARN_UNDECLARED_SELECTOR = YES;
				GCC_WARN_UNINITIALIZED_AUTOS = YES_AGGRESSIVE;
				GCC_WARN_UNUSED_FUNCTION = YES;
				GCC_WARN_UNUSED_VARIABLE = YES;
				IPHONEOS_DEPLOYMENT_TARGET = 8.0;
				MTL_ENABLE_DEBUG_INFO = YES;
				ONLY_ACTIVE_ARCH = YES;
				SDKROOT = iphoneos;
				SWIFT_OPTIMIZATION_LEVEL = "-Onone";
				TARGETED_DEVICE_FAMILY = "1,2";
			};
			name = Debug;
		};
		C48D9F3719B2B6F800C755AE /* Release */ = {
			isa = XCBuildConfiguration;
			buildSettings = {
				ALWAYS_SEARCH_USER_PATHS = NO;
				CLANG_CXX_LANGUAGE_STANDARD = "gnu++0x";
				CLANG_CXX_LIBRARY = "libc++";
				CLANG_ENABLE_MODULES = YES;
				CLANG_ENABLE_OBJC_ARC = YES;
				CLANG_WARN_BOOL_CONVERSION = YES;
				CLANG_WARN_CONSTANT_CONVERSION = YES;
				CLANG_WARN_DIRECT_OBJC_ISA_USAGE = YES_ERROR;
				CLANG_WARN_EMPTY_BODY = YES;
				CLANG_WARN_ENUM_CONVERSION = YES;
				CLANG_WARN_INT_CONVERSION = YES;
				CLANG_WARN_OBJC_ROOT_CLASS = YES_ERROR;
				CLANG_WARN_UNREACHABLE_CODE = YES;
				CLANG_WARN__DUPLICATE_METHOD_MATCH = YES;
				"CODE_SIGN_IDENTITY[sdk=iphoneos*]" = "iPhone Developer";
				COPY_PHASE_STRIP = YES;
				ENABLE_NS_ASSERTIONS = NO;
				ENABLE_STRICT_OBJC_MSGSEND = YES;
				GCC_C_LANGUAGE_STANDARD = gnu99;
				GCC_WARN_64_TO_32_BIT_CONVERSION = YES;
				GCC_WARN_ABOUT_RETURN_TYPE = YES_ERROR;
				GCC_WARN_UNDECLARED_SELECTOR = YES;
				GCC_WARN_UNINITIALIZED_AUTOS = YES_AGGRESSIVE;
				GCC_WARN_UNUSED_FUNCTION = YES;
				GCC_WARN_UNUSED_VARIABLE = YES;
				IPHONEOS_DEPLOYMENT_TARGET = 8.0;
				MTL_ENABLE_DEBUG_INFO = NO;
				SDKROOT = iphoneos;
				TARGETED_DEVICE_FAMILY = "1,2";
				VALIDATE_PRODUCT = YES;
			};
			name = Release;
		};
		C48D9F3919B2B6F800C755AE /* Debug */ = {
			isa = XCBuildConfiguration;
			buildSettings = {
				ASSETCATALOG_COMPILER_APPICON_NAME = AppIcon;
				ASSETCATALOG_COMPILER_LAUNCHIMAGE_NAME = LaunchImage;
				INFOPLIST_FILE = JWMTADataExample/Info.plist;
				LD_RUNPATH_SEARCH_PATHS = "$(inherited) @executable_path/Frameworks";
				PRODUCT_NAME = "$(TARGET_NAME)";
			};
			name = Debug;
		};
		C48D9F3A19B2B6F800C755AE /* Release */ = {
			isa = XCBuildConfiguration;
			buildSettings = {
				ASSETCATALOG_COMPILER_APPICON_NAME = AppIcon;
				ASSETCATALOG_COMPILER_LAUNCHIMAGE_NAME = LaunchImage;
				INFOPLIST_FILE = JWMTADataExample/Info.plist;
				LD_RUNPATH_SEARCH_PATHS = "$(inherited) @executable_path/Frameworks";
				PRODUCT_NAME = "$(TARGET_NAME)";
			};
			name = Release;
		};
		C48D9F3C19B2B6F800C755AE /* Debug */ = {
			isa = XCBuildConfiguration;
			buildSettings = {
				BUNDLE_LOADER = "$(TEST_HOST)";
				FRAMEWORK_SEARCH_PATHS = (
					"$(SDKROOT)/Developer/Library/Frameworks",
					"$(inherited)",
				);
				GCC_PREPROCESSOR_DEFINITIONS = (
					"DEBUG=1",
					"$(inherited)",
				);
				INFOPLIST_FILE = JWMTADataExampleTests/Info.plist;
				LD_RUNPATH_SEARCH_PATHS = "$(inherited) @executable_path/Frameworks @loader_path/Frameworks";
				PRODUCT_NAME = "$(TARGET_NAME)";
				TEST_HOST = "$(BUILT_PRODUCTS_DIR)/JWMTADataExample.app/JWMTADataExample";
			};
			name = Debug;
		};
		C48D9F3D19B2B6F800C755AE /* Release */ = {
			isa = XCBuildConfiguration;
			buildSettings = {
				BUNDLE_LOADER = "$(TEST_HOST)";
				FRAMEWORK_SEARCH_PATHS = (
					"$(SDKROOT)/Developer/Library/Frameworks",
					"$(inherited)",
				);
				INFOPLIST_FILE = JWMTADataExampleTests/Info.plist;
				LD_RUNPATH_SEARCH_PATHS = "$(inherited) @executable_path/Frameworks @loader_path/Frameworks";
				PRODUCT_NAME = "$(TARGET_NAME)";
				TEST_HOST = "$(BUILT_PRODUCTS_DIR)/JWMTADataExample.app/JWMTADataExample";
			};
			name = Release;
		};
/* End XCBuildConfiguration section */

/* Begin XCConfigurationList section */
		C48D9F1419B2B6F800C755AE /* Build configuration list for PBXProject "JWMTADataExample" */ = {
			isa = XCConfigurationList;
			buildConfigurations = (
				C48D9F3619B2B6F800C755AE /* Debug */,
				C48D9F3719B2B6F800C755AE /* Release */,
			);
			defaultConfigurationIsVisible = 0;
			defaultConfigurationName = Release;
		};
		C48D9F3819B2B6F800C755AE /* Build configuration list for PBXNativeTarget "JWMTADataExample" */ = {
			isa = XCConfigurationList;
			buildConfigurations = (
				C48D9F3919B2B6F800C755AE /* Debug */,
				C48D9F3A19B2B6F800C755AE /* Release */,
			);
			defaultConfigurationIsVisible = 0;
		};
		C48D9F3B19B2B6F800C755AE /* Build configuration list for PBXNativeTarget "JWMTADataExampleTests" */ = {
			isa = XCConfigurationList;
			buildConfigurations = (
				C48D9F3C19B2B6F800C755AE /* Debug */,
				C48D9F3D19B2B6F800C755AE /* Release */,
			);
			defaultConfigurationIsVisible = 0;
		};
/* End XCConfigurationList section */

/* Begin XCVersionGroup section */
		C48D9F2019B2B6F800C755AE /* JWMTADataExample.xcdatamodeld */ = {
			isa = XCVersionGroup;
			children = (
				C48D9F2119B2B6F800C755AE /* JWMTADataExample.xcdatamodel */,
			);
			currentVersion = C48D9F2119B2B6F800C755AE /* JWMTADataExample.xcdatamodel */;
			path = JWMTADataExample.xcdatamodeld;
			sourceTree = "<group>";
			versionGroupType = wrapper.xcdatamodel;
		};
/* End XCVersionGroup section */
	};
	rootObject = C48D9F1119B2B6F800C755AE /* Project object */;
}
